// !$*UTF8*$!
{
	archiveVersion = 1;
	classes = {
	};
	objectVersion = 46;
	objects = {

/* Begin PBXBuildFile section */
		BFE571421D450B5400E64F3B /* main.m in Sources */ = {isa = PBXBuildFile; fileRef = BFE571411D450B5400E64F3B /* main.m */; };
		BFE571451D450B5400E64F3B /* AppDelegate.m in Sources */ = {isa = PBXBuildFile; fileRef = BFE571441D450B5400E64F3B /* AppDelegate.m */; };
		BFE571481D450B5400E64F3B /* ViewController.m in Sources */ = {isa = PBXBuildFile; fileRef = BFE571471D450B5400E64F3B /* ViewController.m */; };
		BFE5714B1D450B5400E64F3B /* Main.storyboard in Resources */ = {isa = PBXBuildFile; fileRef = BFE571491D450B5400E64F3B /* Main.storyboard */; };
		BFE5714D1D450B5400E64F3B /* Assets.xcassets in Resources */ = {isa = PBXBuildFile; fileRef = BFE5714C1D450B5400E64F3B /* Assets.xcassets */; };
		BFE571501D450B5400E64F3B /* LaunchScreen.storyboard in Resources */ = {isa = PBXBuildFile; fileRef = BFE5714E1D450B5400E64F3B /* LaunchScreen.storyboard */; };
		BFE5715B1D450B5400E64F3B /* GCD_studyTests.m in Sources */ = {isa = PBXBuildFile; fileRef = BFE5715A1D450B5400E64F3B /* GCD_studyTests.m */; };
		BFE571661D450B5400E64F3B /* GCD_studyUITests.m in Sources */ = {isa = PBXBuildFile; fileRef = BFE571651D450B5400E64F3B /* GCD_studyUITests.m */; };
/* End PBXBuildFile section */

/* Begin PBXContainerItemProxy section */
		BFE571571D450B5400E64F3B /* PBXContainerItemProxy */ = {
			isa = PBXContainerItemProxy;
			containerPortal = BFE571351D450B5400E64F3B /* Project object */;
			proxyType = 1;
			remoteGlobalIDString = BFE5713C1D450B5400E64F3B;
			remoteInfo = GCD_study;
		};
		BFE571621D450B5400E64F3B /* PBXContainerItemProxy */ = {
			isa = PBXContainerItemProxy;
			containerPortal = BFE571351D450B5400E64F3B /* Project object */;
			proxyType = 1;
			remoteGlobalIDString = BFE5713C1D450B5400E64F3B;
			remoteInfo = GCD_study;
		};
/* End PBXContainerItemProxy section */

/* Begin PBXFileReference section */
		BFE5713D1D450B5400E64F3B /* GCD_study.app */ = {isa = PBXFileReference; explicitFileType = wrapper.application; includeInIndex = 0; path = GCD_study.app; sourceTree = BUILT_PRODUCTS_DIR; };
		BFE571411D450B5400E64F3B /* main.m */ = {isa = PBXFileReference; lastKnownFileType = sourcecode.c.objc; path = main.m; sourceTree = "<group>"; };
		BFE571431D450B5400E64F3B /* AppDelegate.h */ = {isa = PBXFileReference; lastKnownFileType = sourcecode.c.h; path = AppDelegate.h; sourceTree = "<group>"; };
		BFE571441D450B5400E64F3B /* AppDelegate.m */ = {isa = PBXFileReference; lastKnownFileType = sourcecode.c.objc; path = AppDelegate.m; sourceTree = "<group>"; };
		BFE571461D450B5400E64F3B /* ViewController.h */ = {isa = PBXFileReference; lastKnownFileType = sourcecode.c.h; path = ViewController.h; sourceTree = "<group>"; };
		BFE571471D450B5400E64F3B /* ViewController.m */ = {isa = PBXFileReference; lastKnownFileType = sourcecode.c.objc; path = ViewController.m; sourceTree = "<group>"; };
		BFE5714A1D450B5400E64F3B /* Base */ = {isa = PBXFileReference; lastKnownFileType = file.storyboard; name = Base; path = Base.lproj/Main.storyboard; sourceTree = "<group>"; };
		BFE5714C1D450B5400E64F3B /* Assets.xcassets */ = {isa = PBXFileReference; lastKnownFileType = folder.assetcatalog; path = Assets.xcassets; sourceTree = "<group>"; };
		BFE5714F1D450B5400E64F3B /* Base */ = {isa = PBXFileReference; lastKnownFileType = file.storyboard; name = Base; path = Base.lproj/LaunchScreen.storyboard; sourceTree = "<group>"; };
		BFE571511D450B5400E64F3B /* Info.plist */ = {isa = PBXFileReference; lastKnownFileType = text.plist.xml; path = Info.plist; sourceTree = "<group>"; };
		BFE571561D450B5400E64F3B /* GCD_studyTests.xctest */ = {isa = PBXFileReference; explicitFileType = wrapper.cfbundle; includeInIndex = 0; path = GCD_studyTests.xctest; sourceTree = BUILT_PRODUCTS_DIR; };
		BFE5715A1D450B5400E64F3B /* GCD_studyTests.m */ = {isa = PBXFileReference; lastKnownFileType = sourcecode.c.objc; path = GCD_studyTests.m; sourceTree = "<group>"; };
		BFE5715C1D450B5400E64F3B /* Info.plist */ = {isa = PBXFileReference; lastKnownFileType = text.plist.xml; path = Info.plist; sourceTree = "<group>"; };
		BFE571611D450B5400E64F3B /* GCD_studyUITests.xctest */ = {isa = PBXFileReference; explicitFileType = wrapper.cfbundle; includeInIndex = 0; path = GCD_studyUITests.xctest; sourceTree = BUILT_PRODUCTS_DIR; };
		BFE571651D450B5400E64F3B /* GCD_studyUITests.m */ = {isa = PBXFileReference; lastKnownFileType = sourcecode.c.objc; path = GCD_studyUITests.m; sourceTree = "<group>"; };
		BFE571671D450B5400E64F3B /* Info.plist */ = {isa = PBXFileReference; lastKnownFileType = text.plist.xml; path = Info.plist; sourceTree = "<group>"; };
/* End PBXFileReference section */

/* Begin PBXFrameworksBuildPhase section */
		BFE5713A1D450B5400E64F3B /* Frameworks */ = {
			isa = PBXFrameworksBuildPhase;
			buildActionMask = 2147483647;
			files = (
			);
			runOnlyForDeploymentPostprocessing = 0;
		};
		BFE571531D450B5400E64F3B /* Frameworks */ = {
			isa = PBXFrameworksBuildPhase;
			buildActionMask = 2147483647;
			files = (
			);
			runOnlyForDeploymentPostprocessing = 0;
		};
		BFE5715E1D450B5400E64F3B /* Frameworks */ = {
			isa = PBXFrameworksBuildPhase;
			buildActionMask = 2147483647;
			files = (
			);
			runOnlyForDeploymentPostprocessing = 0;
		};
/* End PBXFrameworksBuildPhase section */

/* Begin PBXGroup section */
		BFE571341D450B5400E64F3B = {
			isa = PBXGroup;
			children = (
				BFE5713F1D450B5400E64F3B /* GCD_study */,
				BFE571591D450B5400E64F3B /* GCD_studyTests */,
				BFE571641D450B5400E64F3B /* GCD_studyUITests */,
				BFE5713E1D450B5400E64F3B /* Products */,
			);
			sourceTree = "<group>";
		};
		BFE5713E1D450B5400E64F3B /* Products */ = {
			isa = PBXGroup;
			children = (
				BFE5713D1D450B5400E64F3B /* GCD_study.app */,
				BFE571561D450B5400E64F3B /* GCD_studyTests.xctest */,
				BFE571611D450B5400E64F3B /* GCD_studyUITests.xctest */,
			);
			name = Products;
			sourceTree = "<group>";
		};
		BFE5713F1D450B5400E64F3B /* GCD_study */ = {
			isa = PBXGroup;
			children = (
				BFE571431D450B5400E64F3B /* AppDelegate.h */,
				BFE571441D450B5400E64F3B /* AppDelegate.m */,
				BFE571461D450B5400E64F3B /* ViewController.h */,
				BFE571471D450B5400E64F3B /* ViewController.m */,
				BFE571491D450B5400E64F3B /* Main.storyboard */,
				BFE5714C1D450B5400E64F3B /* Assets.xcassets */,
				BFE5714E1D450B5400E64F3B /* LaunchScreen.storyboard */,
				BFE571511D450B5400E64F3B /* Info.plist */,
				BFE571401D450B5400E64F3B /* Supporting Files */,
			);
			path = GCD_study;
			sourceTree = "<group>";
		};
		BFE571401D450B5400E64F3B /* Supporting Files */ = {
			isa = PBXGroup;
			children = (
				BFE571411D450B5400E64F3B /* main.m */,
			);
			name = "Supporting Files";
			sourceTree = "<group>";
		};
		BFE571591D450B5400E64F3B /* GCD_studyTests */ = {
			isa = PBXGroup;
			children = (
				BFE5715A1D450B5400E64F3B /* GCD_studyTests.m */,
				BFE5715C1D450B5400E64F3B /* Info.plist */,
			);
			path = GCD_studyTests;
			sourceTree = "<group>";
		};
		BFE571641D450B5400E64F3B /* GCD_studyUITests */ = {
			isa = PBXGroup;
			children = (
				BFE571651D450B5400E64F3B /* GCD_studyUITests.m */,
				BFE571671D450B5400E64F3B /* Info.plist */,
			);
			path = GCD_studyUITests;
			sourceTree = "<group>";
		};
/* End PBXGroup section */

/* Begin PBXNativeTarget section */
		BFE5713C1D450B5400E64F3B /* GCD_study */ = {
			isa = PBXNativeTarget;
			buildConfigurationList = BFE5716A1D450B5400E64F3B /* Build configuration list for PBXNativeTarget "GCD_study" */;
			buildPhases = (
				BFE571391D450B5400E64F3B /* Sources */,
				BFE5713A1D450B5400E64F3B /* Frameworks */,
				BFE5713B1D450B5400E64F3B /* Resources */,
			);
			buildRules = (
			);
			dependencies = (
			);
			name = GCD_study;
			productName = GCD_study;
			productReference = BFE5713D1D450B5400E64F3B /* GCD_study.app */;
			productType = "com.apple.product-type.application";
		};
		BFE571551D450B5400E64F3B /* GCD_studyTests */ = {
			isa = PBXNativeTarget;
			buildConfigurationList = BFE5716D1D450B5400E64F3B /* Build configuration list for PBXNativeTarget "GCD_studyTests" */;
			buildPhases = (
				BFE571521D450B5400E64F3B /* Sources */,
				BFE571531D450B5400E64F3B /* Frameworks */,
				BFE571541D450B5400E64F3B /* Resources */,
			);
			buildRules = (
			);
			dependencies = (
				BFE571581D450B5400E64F3B /* PBXTargetDependency */,
			);
			name = GCD_studyTests;
			productName = GCD_studyTests;
			productReference = BFE571561D450B5400E64F3B /* GCD_studyTests.xctest */;
			productType = "com.apple.product-type.bundle.unit-test";
		};
		BFE571601D450B5400E64F3B /* GCD_studyUITests */ = {
			isa = PBXNativeTarget;
			buildConfigurationList = BFE571701D450B5400E64F3B /* Build configuration list for PBXNativeTarget "GCD_studyUITests" */;
			buildPhases = (
				BFE5715D1D450B5400E64F3B /* Sources */,
				BFE5715E1D450B5400E64F3B /* Frameworks */,
				BFE5715F1D450B5400E64F3B /* Resources */,
			);
			buildRules = (
			);
			dependencies = (
				BFE571631D450B5400E64F3B /* PBXTargetDependency */,
			);
			name = GCD_studyUITests;
			productName = GCD_studyUITests;
			productReference = BFE571611D450B5400E64F3B /* GCD_studyUITests.xctest */;
			productType = "com.apple.product-type.bundle.ui-testing";
		};
/* End PBXNativeTarget section */

/* Begin PBXProject section */
		BFE571351D450B5400E64F3B /* Project object */ = {
			isa = PBXProject;
			attributes = {
				LastUpgradeCheck = 0720;
				ORGANIZATIONNAME = tcan;
				TargetAttributes = {
					BFE5713C1D450B5400E64F3B = {
						CreatedOnToolsVersion = 7.2;
					};
					BFE571551D450B5400E64F3B = {
						CreatedOnToolsVersion = 7.2;
						TestTargetID = BFE5713C1D450B5400E64F3B;
					};
					BFE571601D450B5400E64F3B = {
						CreatedOnToolsVersion = 7.2;
						TestTargetID = BFE5713C1D450B5400E64F3B;
					};
				};
			};
			buildConfigurationList = BFE571381D450B5400E64F3B /* Build configuration list for PBXProject "GCD_study" */;
			compatibilityVersion = "Xcode 3.2";
			developmentRegion = English;
			hasScannedForEncodings = 0;
			knownRegions = (
				en,
				Base,
			);
			mainGroup = BFE571341D450B5400E64F3B;
			productRefGroup = BFE5713E1D450B5400E64F3B /* Products */;
			projectDirPath = "";
			projectRoot = "";
			targets = (
				BFE5713C1D450B5400E64F3B /* GCD_study */,
				BFE571551D450B5400E64F3B /* GCD_studyTests */,
				BFE571601D450B5400E64F3B /* GCD_studyUITests */,
			);
		};
/* End PBXProject section */

/* Begin PBXResourcesBuildPhase section */
		BFE5713B1D450B5400E64F3B /* Resources */ = {
			isa = PBXResourcesBuildPhase;
			buildActionMask = 2147483647;
			files = (
				BFE571501D450B5400E64F3B /* LaunchScreen.storyboard in Resources */,
				BFE5714D1D450B5400E64F3B /* Assets.xcassets in Resources */,
				BFE5714B1D450B5400E64F3B /* Main.storyboard in Resources */,
			);
			runOnlyForDeploymentPostprocessing = 0;
		};
		BFE571541D450B5400E64F3B /* Resources */ = {
			isa = PBXResourcesBuildPhase;
			buildActionMask = 2147483647;
			files = (
			);
			runOnlyForDeploymentPostprocessing = 0;
		};
		BFE5715F1D450B5400E64F3B /* Resources */ = {
			isa = PBXResourcesBuildPhase;
			buildActionMask = 2147483647;
			files = (
			);
			runOnlyForDeploymentPostprocessing = 0;
		};
/* End PBXResourcesBuildPhase section */

/* Begin PBXSourcesBuildPhase section */
		BFE571391D450B5400E64F3B /* Sources */ = {
			isa = PBXSourcesBuildPhase;
			buildActionMask = 2147483647;
			files = (
				BFE571481D450B5400E64F3B /* ViewController.m in Sources */,
				BFE571451D450B5400E64F3B /* AppDelegate.m in Sources */,
				BFE571421D450B5400E64F3B /* main.m in Sources */,
			);
			runOnlyForDeploymentPostprocessing = 0;
		};
		BFE571521D450B5400E64F3B /* Sources */ = {
			isa = PBXSourcesBuildPhase;
			buildActionMask = 2147483647;
			files = (
				BFE5715B1D450B5400E64F3B /* GCD_studyTests.m in Sources */,
			);
			runOnlyForDeploymentPostprocessing = 0;
		};
		BFE5715D1D450B5400E64F3B /* Sources */ = {
			isa = PBXSourcesBuildPhase;
			buildActionMask = 2147483647;
			files = (
				BFE571661D450B5400E64F3B /* GCD_studyUITests.m in Sources */,
			);
			runOnlyForDeploymentPostprocessing = 0;
		};
/* End PBXSourcesBuildPhase section */

/* Begin PBXTargetDependency section */
		BFE571581D450B5400E64F3B /* PBXTargetDependency */ = {
			isa = PBXTargetDependency;
			target = BFE5713C1D450B5400E64F3B /* GCD_study */;
			targetProxy = BFE571571D450B5400E64F3B /* PBXContainerItemProxy */;
		};
		BFE571631D450B5400E64F3B /* PBXTargetDependency */ = {
			isa = PBXTargetDependency;
			target = BFE5713C1D450B5400E64F3B /* GCD_study */;
			targetProxy = BFE571621D450B5400E64F3B /* PBXContainerItemProxy */;
		};
/* End PBXTargetDependency section */

/* Begin PBXVariantGroup section */
		BFE571491D450B5400E64F3B /* Main.storyboard */ = {
			isa = PBXVariantGroup;
			children = (
				BFE5714A1D450B5400E64F3B /* Base */,
			);
			name = Main.storyboard;
			sourceTree = "<group>";
		};
		BFE5714E1D450B5400E64F3B /* LaunchScreen.storyboard */ = {
			isa = PBXVariantGroup;
			children = (
				BFE5714F1D450B5400E64F3B /* Base */,
			);
			name = LaunchScreen.storyboard;
			sourceTree = "<group>";
		};
/* End PBXVariantGroup section */

/* Begin XCBuildConfiguration section */
		BFE571681D450B5400E64F3B /* Debug */ = {
			isa = XCBuildConfiguration;
			buildSettings = {
				ALWAYS_SEARCH_USER_PATHS = NO;
				CLANG_CXX_LANGUAGE_STANDARD = "gnu++0x";
				CLANG_CXX_LIBRARY = "libc++";
				CLANG_ENABLE_MODULES = YES;
				CLANG_ENABLE_OBJC_ARC = YES;
				CLANG_WARN_BOOL_CONVERSION = YES;
				CLANG_WARN_CONSTANT_CONVERSION = YES;
				CLANG_WARN_DIRECT_OBJC_ISA_USAGE = YES_ERROR;
				CLANG_WARN_EMPTY_BODY = YES;
				CLANG_WARN_ENUM_CONVERSION = YES;
				CLANG_WARN_INT_CONVERSION = YES;
				CLANG_WARN_OBJC_ROOT_CLASS = YES_ERROR;
				CLANG_WARN_UNREACHABLE_CODE = YES;
				CLANG_WARN__DUPLICATE_METHOD_MATCH = YES;
				"CODE_SIGN_IDENTITY[sdk=iphoneos*]" = "iPhone Developer";
				COPY_PHASE_STRIP = NO;
				DEBUG_INFORMATION_FORMAT = dwarf;
				ENABLE_STRICT_OBJC_MSGSEND = YES;
				ENABLE_TESTABILITY = YES;
				GCC_C_LANGUAGE_STANDARD = gnu99;
				GCC_DYNAMIC_NO_PIC = NO;
				GCC_NO_COMMON_BLOCKS = YES;
				GCC_OPTIMIZATION_LEVEL = 0;
				GCC_PREPROCESSOR_DEFINITIONS = (
					"DEBUG=1",
					"$(inherited)",
				);
				GCC_WARN_64_TO_32_BIT_CONVERSION = YES;
				GCC_WARN_ABOUT_RETURN_TYPE = YES_ERROR;
				GCC_WARN_UNDECLARED_SELECTOR = YES;
				GCC_WARN_UNINITIALIZED_AUTOS = YES_AGGRESSIVE;
				GCC_WARN_UNUSED_FUNCTION = YES;
				GCC_WARN_UNUSED_VARIABLE = YES;
				IPHONEOS_DEPLOYMENT_TARGET = 9.2;
				MTL_ENABLE_DEBUG_INFO = YES;
				ONLY_ACTIVE_ARCH = YES;
				SDKROOT = iphoneos;
			};
			name = Debug;
		};
		BFE571691D450B5400E64F3B /* Release */ = {
			isa = XCBuildConfiguration;
			buildSettings = {
				ALWAYS_SEARCH_USER_PATHS = NO;
				CLANG_CXX_LANGUAGE_STANDARD = "gnu++0x";
				CLANG_CXX_LIBRARY = "libc++";
				CLANG_ENABLE_MODULES = YES;
				CLANG_ENABLE_OBJC_ARC = YES;
				CLANG_WARN_BOOL_CONVERSION = YES;
				CLANG_WARN_CONSTANT_CONVERSION = YES;
				CLANG_WARN_DIRECT_OBJC_ISA_USAGE = YES_ERROR;
				CLANG_WARN_EMPTY_BODY = YES;
				CLANG_WARN_ENUM_CONVERSION = YES;
				CLANG_WARN_INT_CONVERSION = YES;
				CLANG_WARN_OBJC_ROOT_CLASS = YES_ERROR;
				CLANG_WARN_UNREACHABLE_CODE = YES;
				CLANG_WARN__DUPLICATE_METHOD_MATCH = YES;
				"CODE_SIGN_IDENTITY[sdk=iphoneos*]" = "iPhone Developer";
				COPY_PHASE_STRIP = NO;
				DEBUG_INFORMATION_FORMAT = "dwarf-with-dsym";
				ENABLE_NS_ASSERTIONS = NO;
				ENABLE_STRICT_OBJC_MSGSEND = YES;
				GCC_C_LANGUAGE_STANDARD = gnu99;
				GCC_NO_COMMON_BLOCKS = YES;
				GCC_WARN_64_TO_32_BIT_CONVERSION = YES;
				GCC_WARN_ABOUT_RETURN_TYPE = YES_ERROR;
				GCC_WARN_UNDECLARED_SELECTOR = YES;
				GCC_WARN_UNINITIALIZED_AUTOS = YES_AGGRESSIVE;
				GCC_WARN_UNUSED_FUNCTION = YES;
				GCC_WARN_UNUSED_VARIABLE = YES;
				IPHONEOS_DEPLOYMENT_TARGET = 9.2;
				MTL_ENABLE_DEBUG_INFO = NO;
				SDKROOT = iphoneos;
				VALIDATE_PRODUCT = YES;
			};
			name = Release;
		};
		BFE5716B1D450B5400E64F3B /* Debug */ = {
			isa = XCBuildConfiguration;
			buildSettings = {
				ASSETCATALOG_COMPILER_APPICON_NAME = AppIcon;
				INFOPLIST_FILE = GCD_study/Info.plist;
				LD_RUNPATH_SEARCH_PATHS = "$(inherited) @executable_path/Frameworks";
				PRODUCT_BUNDLE_IDENTIFIER = "tcan.GCD-study";
				PRODUCT_NAME = "$(TARGET_NAME)";
			};
			name = Debug;
		};
		BFE5716C1D450B5400E64F3B /* Release */ = {
			isa = XCBuildConfiguration;
			buildSettings = {
				ASSETCATALOG_COMPILER_APPICON_NAME = AppIcon;
				INFOPLIST_FILE = GCD_study/Info.plist;
				LD_RUNPATH_SEARCH_PATHS = "$(inherited) @executable_path/Frameworks";
				PRODUCT_BUNDLE_IDENTIFIER = "tcan.GCD-study";
				PRODUCT_NAME = "$(TARGET_NAME)";
			};
			name = Release;
		};
		BFE5716E1D450B5400E64F3B /* Debug */ = {
			isa = XCBuildConfiguration;
			buildSettings = {
				BUNDLE_LOADER = "$(TEST_HOST)";
				INFOPLIST_FILE = GCD_studyTests/Info.plist;
				LD_RUNPATH_SEARCH_PATHS = "$(inherited) @executable_path/Frameworks @loader_path/Frameworks";
				PRODUCT_BUNDLE_IDENTIFIER = "tcan.GCD-studyTests";
				PRODUCT_NAME = "$(TARGET_NAME)";
				TEST_HOST = "$(BUILT_PRODUCTS_DIR)/GCD_study.app/GCD_study";
			};
			name = Debug;
		};
		BFE5716F1D450B5400E64F3B /* Release */ = {
			isa = XCBuildConfiguration;
			buildSettings = {
				BUNDLE_LOADER = "$(TEST_HOST)";
				INFOPLIST_FILE = GCD_studyTests/Info.plist;
				LD_RUNPATH_SEARCH_PATHS = "$(inherited) @executable_path/Frameworks @loader_path/Frameworks";
				PRODUCT_BUNDLE_IDENTIFIER = "tcan.GCD-studyTests";
				PRODUCT_NAME = "$(TARGET_NAME)";
				TEST_HOST = "$(BUILT_PRODUCTS_DIR)/GCD_study.app/GCD_study";
			};
			name = Release;
		};
		BFE571711D450B5400E64F3B /* Debug */ = {
			isa = XCBuildConfiguration;
			buildSettings = {
				INFOPLIST_FILE = GCD_studyUITests/Info.plist;
				LD_RUNPATH_SEARCH_PATHS = "$(inherited) @executable_path/Frameworks @loader_path/Frameworks";
				PRODUCT_BUNDLE_IDENTIFIER = "tcan.GCD-studyUITests";
				PRODUCT_NAME = "$(TARGET_NAME)";
				TEST_TARGET_NAME = GCD_study;
				USES_XCTRUNNER = YES;
			};
			name = Debug;
		};
		BFE571721D450B5400E64F3B /* Release */ = {
			isa = XCBuildConfiguration;
			buildSettings = {
				INFOPLIST_FILE = GCD_studyUITests/Info.plist;
				LD_RUNPATH_SEARCH_PATHS = "$(inherited) @executable_path/Frameworks @loader_path/Frameworks";
				PRODUCT_BUNDLE_IDENTIFIER = "tcan.GCD-studyUITests";
				PRODUCT_NAME = "$(TARGET_NAME)";
				TEST_TARGET_NAME = GCD_study;
				USES_XCTRUNNER = YES;
			};
			name = Release;
		};
/* End XCBuildConfiguration section */

/* Begin XCConfigurationList section */
		BFE571381D450B5400E64F3B /* Build configuration list for PBXProject "GCD_study" */ = {
			isa = XCConfigurationList;
			buildConfigurations = (
				BFE571681D450B5400E64F3B /* Debug */,
				BFE571691D450B5400E64F3B /* Release */,
			);
			defaultConfigurationIsVisible = 0;
			defaultConfigurationName = Release;
		};
		BFE5716A1D450B5400E64F3B /* Build configuration list for PBXNativeTarget "GCD_study" */ = {
			isa = XCConfigurationList;
			buildConfigurations = (
				BFE5716B1D450B5400E64F3B /* Debug */,
				BFE5716C1D450B5400E64F3B /* Release */,
			);
			defaultConfigurationIsVisible = 0;
		};
		BFE5716D1D450B5400E64F3B /* Build configuration list for PBXNativeTarget "GCD_studyTests" */ = {
			isa = XCConfigurationList;
			buildConfigurations = (
				BFE5716E1D450B5400E64F3B /* Debug */,
				BFE5716F1D450B5400E64F3B /* Release */,
			);
			defaultConfigurationIsVisible = 0;
		};
		BFE571701D450B5400E64F3B /* Build configuration list for PBXNativeTarget "GCD_studyUITests" */ = {
			isa = XCConfigurationList;
			buildConfigurations = (
				BFE571711D450B5400E64F3B /* Debug */,
				BFE571721D450B5400E64F3B /* Release */,
			);
			defaultConfigurationIsVisible = 0;
		};
/* End XCConfigurationList section */
	};
	rootObject = BFE571351D450B5400E64F3B /* Project object */;
}
